
Microsoft Visual Studio Solution File, Format Version 12.00
# Visual Studio Version 17
VisualStudioVersion = 17.9.34902.65
MinimumVisualStudioVersion = 10.0.40219.1
Project("{FAE04EC0-301F-11D3-BF4B-00C04F79EFBC}") = "eCommerceOrders.FinishPurchase", ".\eCommerceOrders.FinishPurchase\eCommerceOrders.FinishPurchase.csproj", "{34E45B63-896F-46FF-8041-7A00C4517940}"
EndProject
Project("{2150E333-8FDC-42A3-9474-1A3956D46DE8}") = "eCommerce", "eCommerce", "{5A4A124A-7D8B-4A95-A04D-F9A639F36479}"
EndProject
Project("{FAE04EC0-301F-11D3-BF4B-00C04F79EFBC}") = "eCommerceOrders.SendEmail", ".\eCommerceOrders.SendEmail\eCommerceOrders.SendEmail.csproj", "{A59A7AB1-34CB-4CBF-A585-C5067215A95C}"
EndProject
Global
	GlobalSection(SolutionConfigurationPlatforms) = preSolution
		Debug|Any CPU = Debug|Any CPU
		Release|Any CPU = Release|Any CPU
	EndGlobalSection
	GlobalSection(ProjectConfigurationPlatforms) = postSolution
		{34E45B63-896F-46FF-8041-7A00C4517940}.Debug|Any CPU.ActiveCfg = Debug|Any CPU
		{34E45B63-896F-46FF-8041-7A00C4517940}.Debug|Any CPU.Build.0 = Debug|Any CPU
		{34E45B63-896F-46FF-8041-7A00C4517940}.Release|Any CPU.ActiveCfg = Release|Any CPU
		{34E45B63-896F-46FF-8041-7A00C4517940}.Release|Any CPU.Build.0 = Release|Any CPU
		{A59A7AB1-34CB-4CBF-A585-C5067215A95C}.Debug|Any CPU.ActiveCfg = Debug|Any CPU
		{A59A7AB1-34CB-4CBF-A585-C5067215A95C}.Debug|Any CPU.Build.0 = Debug|Any CPU
		{A59A7AB1-34CB-4CBF-A585-C5067215A95C}.Release|Any CPU.ActiveCfg = Release|Any CPU
		{A59A7AB1-34CB-4CBF-A585-C5067215A95C}.Release|Any CPU.Build.0 = Release|Any CPU
	EndGlobalSection
	GlobalSection(SolutionProperties) = preSolution
		HideSolutionNode = FALSE
	EndGlobalSection
	GlobalSection(NestedProjects) = preSolution
		{34E45B63-896F-46FF-8041-7A00C4517940} = {5A4A124A-7D8B-4A95-A04D-F9A639F36479}
		{A59A7AB1-34CB-4CBF-A585-C5067215A95C} = {5A4A124A-7D8B-4A95-A04D-F9A639F36479}
	EndGlobalSection
	GlobalSection(ExtensibilityGlobals) = postSolution
		SolutionGuid = {65BFB6E2-492E-409E-BB8E-35B92F79112E}
	EndGlobalSection
EndGlobal
